
Microsoft Visual Studio Solution File, Format Version 12.00
# Visual Studio 15
Project("{FAE04EC0-301F-11D3-BF4B-00C04F79EFBC}") = "Assembly-CSharp", "Assembly-CSharp.csproj", "{D6A59B12-2804-7F52-74BC-BDD42EF48F0B}"
EndProject
Project("{FAE04EC0-301F-11D3-BF4B-00C04F79EFBC}") = "Assembly-CSharp-Editor", "Assembly-CSharp-Editor.csproj", "{D41BBD09-A411-2F5A-C7BD-DFDF5F7852CF}"
EndProject
Global
	GlobalSection(SolutionConfigurationPlatforms) = preSolution
		Debug|Any CPU = Debug|Any CPU
		Release|Any CPU = Release|Any CPU
	EndGlobalSection
	GlobalSection(ProjectConfigurationPlatforms) = postSolution
		{D6A59B12-2804-7F52-74BC-BDD42EF48F0B}.Debug|Any CPU.ActiveCfg = Debug|Any CPU
		{D6A59B12-2804-7F52-74BC-BDD42EF48F0B}.Debug|Any CPU.Build.0 = Debug|Any CPU
		{D6A59B12-2804-7F52-74BC-BDD42EF48F0B}.Release|Any CPU.ActiveCfg = Release|Any CPU
		{D6A59B12-2804-7F52-74BC-BDD42EF48F0B}.Release|Any CPU.Build.0 = Release|Any CPU
		{D41BBD09-A411-2F5A-C7BD-DFDF5F7852CF}.Debug|Any CPU.ActiveCfg = Debug|Any CPU
		{D41BBD09-A411-2F5A-C7BD-DFDF5F7852CF}.Debug|Any CPU.Build.0 = Debug|Any CPU
		{D41BBD09-A411-2F5A-C7BD-DFDF5F7852CF}.Release|Any CPU.ActiveCfg = Release|Any CPU
		{D41BBD09-A411-2F5A-C7BD-DFDF5F7852CF}.Release|Any CPU.Build.0 = Release|Any CPU
	EndGlobalSection
	GlobalSection(SolutionProperties) = preSolution
		HideSolutionNode = FALSE
	EndGlobalSection
EndGlobal
